
Microsoft Visual Studio Solution File, Format Version 12.00
# Visual Studio Version 17
VisualStudioVersion = 17.6.33815.320
MinimumVisualStudioVersion = 10.0.40219.1
Project("{FAE04EC0-301F-11D3-BF4B-00C04F79EFBC}") = "Teacher_Record_Project", "Teacher_Record_Project\Teacher_Record_Project.csproj", "{65D2B7B1-8640-4411-B567-59F21B2EB5BC}"
EndProject
Global
	GlobalSection(SolutionConfigurationPlatforms) = preSolution
		Debug|Any CPU = Debug|Any CPU
		Release|Any CPU = Release|Any CPU
	EndGlobalSection
	GlobalSection(ProjectConfigurationPlatforms) = postSolution
		{65D2B7B1-8640-4411-B567-59F21B2EB5BC}.Debug|Any CPU.ActiveCfg = Debug|Any CPU
		{65D2B7B1-8640-4411-B567-59F21B2EB5BC}.Debug|Any CPU.Build.0 = Debug|Any CPU
		{65D2B7B1-8640-4411-B567-59F21B2EB5BC}.Release|Any CPU.ActiveCfg = Release|Any CPU
		{65D2B7B1-8640-4411-B567-59F21B2EB5BC}.Release|Any CPU.Build.0 = Release|Any CPU
	EndGlobalSection
	GlobalSection(SolutionProperties) = preSolution
		HideSolutionNode = FALSE
	EndGlobalSection
	GlobalSection(ExtensibilityGlobals) = postSolution
		SolutionGuid = {E8CBB797-4DF0-4049-857F-AE39C9F304C8}
	EndGlobalSection
EndGlobal
